PODS:
  - AFNetworking (2.6.1):
    - AFNetworking/NSURLConnection (= 2.6.1)
    - AFNetworking/NSURLSession (= 2.6.1)
    - AFNetworking/Reachability (= 2.6.1)
    - AFNetworking/Security (= 2.6.1)
    - AFNetworking/Serialization (= 2.6.1)
    - AFNetworking/UIKit (= 2.6.1)
  - AFNetworking/NSURLConnection (2.6.1):
    - AFNetworking/Reachability
    - AFNetworking/Security
    - AFNetworking/Serialization
  - AFNetworking/NSURLSession (2.6.1):
    - AFNetworking/Reachability
    - AFNetworking/Security
    - AFNetworking/Serialization
  - AFNetworking/Reachability (2.6.1)
  - AFNetworking/Security (2.6.1)
  - AFNetworking/Serialization (2.6.1)
  - AFNetworking/UIKit (2.6.1):
    - AFNetworking/NSURLConnection
    - AFNetworking/NSURLSession
  - ARChromeActivity (1.0.4)
  - BBBadgeBarButtonItem (1.2)
  - FormatterKit (1.8.0):
    - FormatterKit/AddressFormatter (= 1.8.0)
    - FormatterKit/ArrayFormatter (= 1.8.0)
    - FormatterKit/ColorFormatter (= 1.8.0)
    - FormatterKit/LocationFormatter (= 1.8.0)
    - FormatterKit/NameFormatter (= 1.8.0)
    - FormatterKit/OrdinalNumberFormatter (= 1.8.0)
    - FormatterKit/TimeIntervalFormatter (= 1.8.0)
    - FormatterKit/UnitOfInformationFormatter (= 1.8.0)
    - FormatterKit/URLRequestFormatter (= 1.8.0)
  - FormatterKit/AddressFormatter (1.8.0)
  - FormatterKit/ArrayFormatter (1.8.0)
  - FormatterKit/ColorFormatter (1.8.0)
  - FormatterKit/LocationFormatter (1.8.0)
  - FormatterKit/NameFormatter (1.8.0)
  - FormatterKit/OrdinalNumberFormatter (1.8.0)
  - FormatterKit/TimeIntervalFormatter (1.8.0)
  - FormatterKit/UnitOfInformationFormatter (1.8.0)
  - FormatterKit/URLRequestFormatter (1.8.0)
  - KINWebBrowser (1.3.1):
    - ARChromeActivity (= 1.0.4)
    - TUSafariActivity (= 1.0.4)
  - TLTagsControl (1.0.0)
  - TUSafariActivity (1.0.4)
  - UIImageView-Letters (1.1.4)

DEPENDENCIES:
  - AFNetworking
  - BBBadgeBarButtonItem
  - FormatterKit
  - KINWebBrowser
  - TLTagsControl (from `https://github.com/ali312/TLTagsControl.git`)
  - UIImageView-Letters

EXTERNAL SOURCES:
  TLTagsControl:
    :git: https://github.com/ali312/TLTagsControl.git

CHECKOUT OPTIONS:
  TLTagsControl:
    :commit: 1043bb4eab751f4b9a73eef5b445efd2f57bad35
    :git: https://github.com/ali312/TLTagsControl.git

SPEC CHECKSUMS:
  AFNetworking: 8e4e60500beb8bec644cf575beee72990a76d399
  ARChromeActivity: 9064d94803338d3377f3e1013a8e8f4821d7daf1
  BBBadgeBarButtonItem: c2fbca0bff18e21b70defc9438a8a5048008e7ca
  FormatterKit: bddde83e054edf9d9ee14f9de3b3a5103db256f4
  KINWebBrowser: 5d519cb0f46f6bc79d3e35021f15466c0adaceb0
  TLTagsControl: 34ab7d25f282aa2b8b42e73cc71b96ffe9fa7a15
  TUSafariActivity: afc55a00965377939107ce4fdc7f951f62454546
  UIImageView-Letters: f62db28076797adf3560ab7410647dc6899b9eef

COCOAPODS: 0.38.2
